{
  "version": 4,
  "terraform_version": "0.13.4",
  "serial": 55,
  "lineage": "02c96b96-8c97-20d6-9da1-97c1a94f180a",
  "outputs": {},
  "resources": [
    {
      "mode": "managed",
      "type": "google_compute_firewall",
      "name": "cac-aa2-vpc-firewall",
      "provider": "provider[\"registry.terraform.io/hashicorp/google\"]",
      "instances": [
        {
          "schema_version": 1,
          "attributes": {
            "allow": [
              {
                "ports": [
                  "80",
                  "8080",
                  "22"
                ],
                "protocol": "tcp"
              },
              {
                "ports": [],
                "protocol": "icmp"
              }
            ],
            "creation_timestamp": "2020-10-31T05:21:00.783-07:00",
            "deny": [],
            "description": "",
            "destination_ranges": [],
            "direction": "INGRESS",
            "disabled": false,
            "enable_logging": null,
            "id": "projects/cac-aa3-cloud-orchestration/global/firewalls/cac-aa2-vpc-firewall",
            "log_config": [],
            "name": "cac-aa2-vpc-firewall",
            "network": "https://www.googleapis.com/compute/v1/projects/cac-aa3-cloud-orchestration/global/networks/cac-aa2-vpc",
            "priority": 1000,
            "project": "cac-aa3-cloud-orchestration",
            "self_link": "https://www.googleapis.com/compute/v1/projects/cac-aa3-cloud-orchestration/global/firewalls/cac-aa2-vpc-firewall",
            "source_ranges": [
              "0.0.0.0/0"
            ],
            "source_service_accounts": null,
            "source_tags": null,
            "target_service_accounts": null,
            "target_tags": null,
            "timeouts": null
          },
          "private": "eyJlMmJmYjczMC1lY2FhLTExZTYtOGY4OC0zNDM2M2JjN2M0YzAiOnsiY3JlYXRlIjoyNDAwMDAwMDAwMDAsImRlbGV0ZSI6MjQwMDAwMDAwMDAwLCJ1cGRhdGUiOjI0MDAwMDAwMDAwMH0sInNjaGVtYV92ZXJzaW9uIjoiMSJ9",
          "dependencies": [
            "google_compute_network.cac-aa2-vpc"
          ]
        }
      ]
    },
    {
      "mode": "managed",
      "type": "google_compute_instance",
      "name": "cac-aa2-test-kubmaster",
      "provider": "provider[\"registry.terraform.io/hashicorp/google\"]",
      "instances": [
        {
          "schema_version": 6,
          "attributes": {
            "allow_stopping_for_update": null,
            "attached_disk": [],
            "boot_disk": [
              {
                "auto_delete": true,
                "device_name": "persistent-disk-0",
                "disk_encryption_key_raw": "",
                "disk_encryption_key_sha256": "",
                "initialize_params": [
                  {
                    "image": "https://www.googleapis.com/compute/v1/projects/ubuntu-os-cloud/global/images/ubuntu-1804-bionic-v20200317",
                    "labels": {},
                    "size": 10,
                    "type": "pd-standard"
                  }
                ],
                "kms_key_self_link": "",
                "mode": "READ_WRITE",
                "source": "https://www.googleapis.com/compute/v1/projects/cac-aa3-cloud-orchestration/zones/europe-west4-b/disks/cac-aa2-test-kubmaster"
              }
            ],
            "can_ip_forward": false,
            "cpu_platform": "Intel Skylake",
            "current_status": "RUNNING",
            "deletion_protection": false,
            "description": "",
            "desired_status": null,
            "enable_display": false,
            "guest_accelerator": [],
            "hostname": "",
            "id": "projects/cac-aa3-cloud-orchestration/zones/europe-west4-b/instances/cac-aa2-test-kubmaster",
            "instance_id": "8949216476857952342",
            "label_fingerprint": "42WmSpB8rSM=",
            "labels": null,
            "machine_type": "e2-standard-2",
            "metadata": null,
            "metadata_fingerprint": "gm33LiyZ8ag=",
            "metadata_startup_script": "",
            "min_cpu_platform": "",
            "name": "cac-aa2-test-kubmaster",
            "network_interface": [
              {
                "access_config": [
                  {
                    "nat_ip": "34.90.28.46",
                    "network_tier": "PREMIUM",
                    "public_ptr_domain_name": ""
                  }
                ],
                "alias_ip_range": [],
                "name": "nic0",
                "network": "https://www.googleapis.com/compute/v1/projects/cac-aa3-cloud-orchestration/global/networks/cac-aa2-vpc",
                "network_ip": "10.0.1.2",
                "subnetwork": "https://www.googleapis.com/compute/v1/projects/cac-aa3-cloud-orchestration/regions/europe-west4/subnetworks/cac-aa2-subnet-1",
                "subnetwork_project": "cac-aa3-cloud-orchestration"
              }
            ],
            "project": "cac-aa3-cloud-orchestration",
            "resource_policies": null,
            "scheduling": [
              {
                "automatic_restart": true,
                "node_affinities": [],
                "on_host_maintenance": "MIGRATE",
                "preemptible": false
              }
            ],
            "scratch_disk": [],
            "self_link": "https://www.googleapis.com/compute/v1/projects/cac-aa3-cloud-orchestration/zones/europe-west4-b/instances/cac-aa2-test-kubmaster",
            "service_account": [],
            "shielded_instance_config": [
              {
                "enable_integrity_monitoring": true,
                "enable_secure_boot": false,
                "enable_vtpm": true
              }
            ],
            "tags": null,
            "tags_fingerprint": "42WmSpB8rSM=",
            "timeouts": null,
            "zone": "europe-west4-b"
          },
          "private": "eyJlMmJmYjczMC1lY2FhLTExZTYtOGY4OC0zNDM2M2JjN2M0YzAiOnsiY3JlYXRlIjoxMjAwMDAwMDAwMDAwLCJkZWxldGUiOjEyMDAwMDAwMDAwMDAsInVwZGF0ZSI6MTIwMDAwMDAwMDAwMH0sInNjaGVtYV92ZXJzaW9uIjoiNiJ9",
          "dependencies": [
            "google_compute_network.cac-aa2-vpc",
            "google_compute_subnetwork.cac-aa2-subnet-1"
          ]
        }
      ]
    },
    {
      "mode": "managed",
      "type": "google_compute_network",
      "name": "cac-aa2-vpc",
      "provider": "provider[\"registry.terraform.io/hashicorp/google\"]",
      "instances": [
        {
          "schema_version": 0,
          "attributes": {
            "auto_create_subnetworks": false,
            "delete_default_routes_on_create": false,
            "description": "",
            "gateway_ipv4": "",
            "id": "projects/cac-aa3-cloud-orchestration/global/networks/cac-aa2-vpc",
            "mtu": 0,
            "name": "cac-aa2-vpc",
            "project": "cac-aa3-cloud-orchestration",
            "routing_mode": "REGIONAL",
            "self_link": "https://www.googleapis.com/compute/v1/projects/cac-aa3-cloud-orchestration/global/networks/cac-aa2-vpc",
            "timeouts": null
          },
          "private": "eyJlMmJmYjczMC1lY2FhLTExZTYtOGY4OC0zNDM2M2JjN2M0YzAiOnsiY3JlYXRlIjoyNDAwMDAwMDAwMDAsImRlbGV0ZSI6MjQwMDAwMDAwMDAwLCJ1cGRhdGUiOjI0MDAwMDAwMDAwMH19"
        }
      ]
    },
    {
      "mode": "managed",
      "type": "google_compute_subnetwork",
      "name": "cac-aa2-subnet-1",
      "provider": "provider[\"registry.terraform.io/hashicorp/google\"]",
      "instances": [
        {
          "schema_version": 0,
          "attributes": {
            "creation_timestamp": "2020-10-31T05:21:01.176-07:00",
            "description": "",
            "fingerprint": null,
            "gateway_address": "10.0.1.1",
            "id": "projects/cac-aa3-cloud-orchestration/regions/europe-west4/subnetworks/cac-aa2-subnet-1",
            "ip_cidr_range": "10.0.1.0/24",
            "log_config": [],
            "name": "cac-aa2-subnet-1",
            "network": "https://www.googleapis.com/compute/v1/projects/cac-aa3-cloud-orchestration/global/networks/cac-aa2-vpc",
            "private_ip_google_access": false,
            "project": "cac-aa3-cloud-orchestration",
            "region": "europe-west4",
            "secondary_ip_range": [],
            "self_link": "https://www.googleapis.com/compute/v1/projects/cac-aa3-cloud-orchestration/regions/europe-west4/subnetworks/cac-aa2-subnet-1",
            "timeouts": null
          },
          "private": "eyJlMmJmYjczMC1lY2FhLTExZTYtOGY4OC0zNDM2M2JjN2M0YzAiOnsiY3JlYXRlIjozNjAwMDAwMDAwMDAsImRlbGV0ZSI6MzYwMDAwMDAwMDAwLCJ1cGRhdGUiOjM2MDAwMDAwMDAwMH19",
          "dependencies": [
            "google_compute_network.cac-aa2-vpc"
          ]
        }
      ]
    }
  ]
}
