{
  "version": 4,
  "terraform_version": "0.13.4",
  "serial": 14,
  "lineage": "e2aa684f-3f8f-c2e6-6ea0-9fb9d5da07ed",
  "outputs": {},
  "resources": [
    {
      "mode": "managed",
      "type": "google_compute_instance",
      "name": "vm_instance_kubemaster",
      "provider": "provider[\"registry.terraform.io/hashicorp/google\"]",
      "instances": [
        {
          "schema_version": 6,
          "attributes": {
            "allow_stopping_for_update": null,
            "attached_disk": [],
            "boot_disk": [
              {
                "auto_delete": true,
                "device_name": "persistent-disk-0",
                "disk_encryption_key_raw": "",
                "disk_encryption_key_sha256": "",
                "initialize_params": [
                  {
                    "image": "https://www.googleapis.com/compute/v1/projects/ubuntu-os-cloud/global/images/ubuntu-1804-bionic-v20201014",
                    "labels": {},
                    "size": 10,
                    "type": "pd-standard"
                  }
                ],
                "kms_key_self_link": "",
                "mode": "READ_WRITE",
                "source": "https://www.googleapis.com/compute/v1/projects/pcc-week7-kubernetes/zones/europe-west1-b/disks/pcc-week7-vm-kubemaster"
              }
            ],
            "can_ip_forward": false,
            "cpu_platform": "Intel Haswell",
            "current_status": "RUNNING",
            "deletion_protection": false,
            "description": "",
            "desired_status": null,
            "enable_display": false,
            "guest_accelerator": [],
            "hostname": "",
            "id": "projects/pcc-week7-kubernetes/zones/europe-west1-b/instances/pcc-week7-vm-kubemaster",
            "instance_id": "2096926718246975413",
            "label_fingerprint": "42WmSpB8rSM=",
            "labels": null,
            "machine_type": "e2-standard-2",
            "metadata": null,
            "metadata_fingerprint": "S1_YGwqj9Ak=",
            "metadata_startup_script": "#! /bin/bash\napt-get update\napt-get upgrade -y\napt-get install docker.io -y\necho 'sudo usermod -aG docker $USER' \u003e\u003e/kubmaster\necho \"sudo systemctl start docker\" \u003e\u003e/kubmaster\necho \"sudo systemctl enable docker\" \u003e\u003e/kubmaster\necho 'curl -s https://packages.cloud.google.com/apt/doc/apt-key.gpg | sudo apt-key add' \u003e\u003e/kubmaster\necho 'sudo apt-add-repository \"deb http://apt.kubernetes.io/ kubernetes-xenial main\"' \u003e\u003e/kubmaster\necho \"sudo apt-get install kubeadm kubelet kubectl -y\" \u003e\u003e/kubmaster\necho \"sudo hostnamectl set-hostname kubemaster\" \u003e\u003e/kubmaster\necho \"sudo swapoff -a\" \u003e\u003e/kubmaster\necho \"10.0.1.2 kubemaster\" \u003e\u003e/etc/hosts\necho \"10.0.1.3 node1\" \u003e\u003e/etc/hosts\necho 'sudo kubeadm init --pod-network-cidr=10.244.0.0/16' \u003e\u003e/kubmaster\n# (must not me ip master. No overlap with node network)\necho 'mkdir -p $HOME/.kube' \u003e\u003e/kubmaster\necho 'sudo cp -i /etc/kubernetes/admin.conf $HOME/.kube/config' \u003e\u003e/kubmaster\necho 'sudo chown $(id -u):$(id -g) $HOME/.kube/config' \u003e\u003e/kubmaster\necho 'sudo kubectl apply -f https://raw.githubusercontent.com/coreos/flannel/master/Documentation/kube-flannel.yml' \u003e\u003e/kubmaster\n# onderstaande regels creeren een scripot om een eerste kubernetes applicatie te bouwen\n# is een webserver die Hello Kubernetes! antwoord.\necho 'kubectl apply -f https://k8s.io/examples/service/load-balancer-example.yaml' \u003e /createwebapp\necho 'kubectl expose deployment hello-world --type=NodePort --name=my-service' \u003e\u003e /createwebapp\n\n# the file is created with Notepad++\n# kies Edit: End of Line Conversion en kies Linux. \n# anders windows Carriage Returns in document end at werkt niet\n\n# The file excecutes some commands at startup, others are written to bash-program.",
            "min_cpu_platform": "",
            "name": "pcc-week7-vm-kubemaster",
            "network_interface": [
              {
                "access_config": [
                  {
                    "nat_ip": "35.205.65.16",
                    "network_tier": "PREMIUM",
                    "public_ptr_domain_name": ""
                  }
                ],
                "alias_ip_range": [],
                "name": "nic0",
                "network": "https://www.googleapis.com/compute/v1/projects/pcc-week7-kubernetes/global/networks/pcc-week7-vpc",
                "network_ip": "10.0.1.2",
                "subnetwork": "https://www.googleapis.com/compute/v1/projects/pcc-week7-kubernetes/regions/europe-west1/subnetworks/pcc-week7-subnet-1",
                "subnetwork_project": "pcc-week7-kubernetes"
              }
            ],
            "project": "pcc-week7-kubernetes",
            "resource_policies": null,
            "scheduling": [
              {
                "automatic_restart": true,
                "node_affinities": [],
                "on_host_maintenance": "MIGRATE",
                "preemptible": false
              }
            ],
            "scratch_disk": [],
            "self_link": "https://www.googleapis.com/compute/v1/projects/pcc-week7-kubernetes/zones/europe-west1-b/instances/pcc-week7-vm-kubemaster",
            "service_account": [],
            "shielded_instance_config": [
              {
                "enable_integrity_monitoring": true,
                "enable_secure_boot": false,
                "enable_vtpm": true
              }
            ],
            "tags": null,
            "tags_fingerprint": "42WmSpB8rSM=",
            "timeouts": null,
            "zone": "europe-west1-b"
          },
          "private": "eyJlMmJmYjczMC1lY2FhLTExZTYtOGY4OC0zNDM2M2JjN2M0YzAiOnsiY3JlYXRlIjoxMjAwMDAwMDAwMDAwLCJkZWxldGUiOjEyMDAwMDAwMDAwMDAsInVwZGF0ZSI6MTIwMDAwMDAwMDAwMH0sInNjaGVtYV92ZXJzaW9uIjoiNiJ9"
        }
      ]
    },
    {
      "mode": "managed",
      "type": "google_compute_instance",
      "name": "vm_instance_node_1",
      "provider": "provider[\"registry.terraform.io/hashicorp/google\"]",
      "instances": [
        {
          "schema_version": 6,
          "attributes": {
            "allow_stopping_for_update": null,
            "attached_disk": [],
            "boot_disk": [
              {
                "auto_delete": true,
                "device_name": "persistent-disk-0",
                "disk_encryption_key_raw": "",
                "disk_encryption_key_sha256": "",
                "initialize_params": [
                  {
                    "image": "https://www.googleapis.com/compute/v1/projects/ubuntu-os-cloud/global/images/ubuntu-1804-bionic-v20201014",
                    "labels": {},
                    "size": 10,
                    "type": "pd-standard"
                  }
                ],
                "kms_key_self_link": "",
                "mode": "READ_WRITE",
                "source": "https://www.googleapis.com/compute/v1/projects/pcc-week7-kubernetes/zones/europe-west1-b/disks/pcc-week7-vm-node-1"
              }
            ],
            "can_ip_forward": false,
            "cpu_platform": "Intel Haswell",
            "current_status": "RUNNING",
            "deletion_protection": false,
            "description": "",
            "desired_status": null,
            "enable_display": false,
            "guest_accelerator": [],
            "hostname": "",
            "id": "projects/pcc-week7-kubernetes/zones/europe-west1-b/instances/pcc-week7-vm-node-1",
            "instance_id": "3541289684059748277",
            "label_fingerprint": "42WmSpB8rSM=",
            "labels": null,
            "machine_type": "e2-standard-2",
            "metadata": null,
            "metadata_fingerprint": "zWiF6yRKI00=",
            "metadata_startup_script": "#! /bin/bash\napt-get update\napt-get upgrade -y\napt-get install docker.io -y\necho 'sudo usermod -aG docker $USER' \u003e\u003e/node1\necho \"sudo systemctl start docker\" \u003e\u003e/node1\necho \"sudo systemctl enable docker\" \u003e\u003e/node1\necho 'curl -s https://packages.cloud.google.com/apt/doc/apt-key.gpg | sudo apt-key add' \u003e\u003e/node1\necho 'sudo apt-add-repository \"deb http://apt.kubernetes.io/ kubernetes-xenial main\"' \u003e\u003e/node1\necho \"sudo apt-get install kubeadm kubelet kubectl -y\" \u003e\u003e/node1\necho \"sudo hostnamectl set-hostname node1\" \u003e\u003e/node1\necho \"sudo swapoff -a\" \u003e\u003e/node1\necho \"10.0.1.2 kubemaster\" \u003e\u003e/etc/hosts\necho \"10.0.1.3 node1\" \u003e\u003e/etc/hosts\necho \"10.0.2.3 node2\" \u003e\u003e/etc/hosts\necho \"10.0.3.3 node3\" \u003e\u003e/etc/hosts\n\n\n# the file is created with Notepad++\n# Choose Edit: End of Line Conversion and choose Linux. \n# otherwise windows Carriage Returns in document and that does not work",
            "min_cpu_platform": "",
            "name": "pcc-week7-vm-node-1",
            "network_interface": [
              {
                "access_config": [
                  {
                    "nat_ip": "35.195.185.147",
                    "network_tier": "PREMIUM",
                    "public_ptr_domain_name": ""
                  }
                ],
                "alias_ip_range": [],
                "name": "nic0",
                "network": "https://www.googleapis.com/compute/v1/projects/pcc-week7-kubernetes/global/networks/pcc-week7-vpc",
                "network_ip": "10.0.1.3",
                "subnetwork": "https://www.googleapis.com/compute/v1/projects/pcc-week7-kubernetes/regions/europe-west1/subnetworks/pcc-week7-subnet-1",
                "subnetwork_project": "pcc-week7-kubernetes"
              }
            ],
            "project": "pcc-week7-kubernetes",
            "resource_policies": null,
            "scheduling": [
              {
                "automatic_restart": true,
                "node_affinities": [],
                "on_host_maintenance": "MIGRATE",
                "preemptible": false
              }
            ],
            "scratch_disk": [],
            "self_link": "https://www.googleapis.com/compute/v1/projects/pcc-week7-kubernetes/zones/europe-west1-b/instances/pcc-week7-vm-node-1",
            "service_account": [],
            "shielded_instance_config": [
              {
                "enable_integrity_monitoring": true,
                "enable_secure_boot": false,
                "enable_vtpm": true
              }
            ],
            "tags": null,
            "tags_fingerprint": "42WmSpB8rSM=",
            "timeouts": null,
            "zone": "europe-west1-b"
          },
          "private": "eyJlMmJmYjczMC1lY2FhLTExZTYtOGY4OC0zNDM2M2JjN2M0YzAiOnsiY3JlYXRlIjoxMjAwMDAwMDAwMDAwLCJkZWxldGUiOjEyMDAwMDAwMDAwMDAsInVwZGF0ZSI6MTIwMDAwMDAwMDAwMH0sInNjaGVtYV92ZXJzaW9uIjoiNiJ9"
        }
      ]
    },
    {
      "mode": "managed",
      "type": "google_compute_instance",
      "name": "vm_instance_node_2",
      "provider": "provider[\"registry.terraform.io/hashicorp/google\"]",
      "instances": [
        {
          "schema_version": 6,
          "attributes": {
            "allow_stopping_for_update": null,
            "attached_disk": [],
            "boot_disk": [
              {
                "auto_delete": true,
                "device_name": "persistent-disk-0",
                "disk_encryption_key_raw": "",
                "disk_encryption_key_sha256": "",
                "initialize_params": [
                  {
                    "image": "https://www.googleapis.com/compute/v1/projects/ubuntu-os-cloud/global/images/ubuntu-1804-bionic-v20201014",
                    "labels": {},
                    "size": 10,
                    "type": "pd-standard"
                  }
                ],
                "kms_key_self_link": "",
                "mode": "READ_WRITE",
                "source": "https://www.googleapis.com/compute/v1/projects/pcc-week7-kubernetes/zones/europe-west2-b/disks/pcc-week7-vm-node-2"
              }
            ],
            "can_ip_forward": false,
            "cpu_platform": "Intel Broadwell",
            "current_status": "RUNNING",
            "deletion_protection": false,
            "description": "",
            "desired_status": null,
            "enable_display": false,
            "guest_accelerator": [],
            "hostname": "",
            "id": "projects/pcc-week7-kubernetes/zones/europe-west2-b/instances/pcc-week7-vm-node-2",
            "instance_id": "2372831964188309429",
            "label_fingerprint": "42WmSpB8rSM=",
            "labels": null,
            "machine_type": "e2-standard-2",
            "metadata": null,
            "metadata_fingerprint": "XT7bu2I0kLU=",
            "metadata_startup_script": "#! /bin/bash\napt-get update\napt-get upgrade -y\napt-get install docker.io -y\necho 'sudo usermod -aG docker $USER' \u003e\u003e/node2\necho \"sudo systemctl start docker\" \u003e\u003e/node2\necho \"sudo systemctl enable docker\" \u003e\u003e/node2\necho 'curl -s https://packages.cloud.google.com/apt/doc/apt-key.gpg | sudo apt-key add' \u003e\u003e/node2\necho 'sudo apt-add-repository \"deb http://apt.kubernetes.io/ kubernetes-xenial main\"' \u003e\u003e/node2\necho \"sudo apt-get install kubeadm kubelet kubectl -y\" \u003e\u003e/node2\necho \"sudo hostnamectl set-hostname node2\" \u003e\u003e/node2\necho \"sudo swapoff -a\" \u003e\u003e/node2\necho \"10.0.1.2 kubemaster\" \u003e\u003e/etc/hosts\necho \"10.0.1.3 node1\" \u003e\u003e/etc/hosts\necho \"10.0.2.3 node2\" \u003e\u003e/etc/hosts\necho \"10.0.3.3 node3\" \u003e\u003e/etc/hosts\n\n\n# the file is created with Notepad++\n# Choose Edit: End of Line Conversion and choose Linux. \n# otherwise windows Carriage Returns in document and that does not work",
            "min_cpu_platform": "",
            "name": "pcc-week7-vm-node-2",
            "network_interface": [
              {
                "access_config": [
                  {
                    "nat_ip": "34.105.170.61",
                    "network_tier": "PREMIUM",
                    "public_ptr_domain_name": ""
                  }
                ],
                "alias_ip_range": [],
                "name": "nic0",
                "network": "https://www.googleapis.com/compute/v1/projects/pcc-week7-kubernetes/global/networks/pcc-week7-vpc",
                "network_ip": "10.0.2.3",
                "subnetwork": "https://www.googleapis.com/compute/v1/projects/pcc-week7-kubernetes/regions/europe-west2/subnetworks/pcc-week7-subnet-2",
                "subnetwork_project": "pcc-week7-kubernetes"
              }
            ],
            "project": "pcc-week7-kubernetes",
            "resource_policies": null,
            "scheduling": [
              {
                "automatic_restart": true,
                "node_affinities": [],
                "on_host_maintenance": "MIGRATE",
                "preemptible": false
              }
            ],
            "scratch_disk": [],
            "self_link": "https://www.googleapis.com/compute/v1/projects/pcc-week7-kubernetes/zones/europe-west2-b/instances/pcc-week7-vm-node-2",
            "service_account": [],
            "shielded_instance_config": [
              {
                "enable_integrity_monitoring": true,
                "enable_secure_boot": false,
                "enable_vtpm": true
              }
            ],
            "tags": null,
            "tags_fingerprint": "42WmSpB8rSM=",
            "timeouts": null,
            "zone": "europe-west2-b"
          },
          "private": "eyJlMmJmYjczMC1lY2FhLTExZTYtOGY4OC0zNDM2M2JjN2M0YzAiOnsiY3JlYXRlIjoxMjAwMDAwMDAwMDAwLCJkZWxldGUiOjEyMDAwMDAwMDAwMDAsInVwZGF0ZSI6MTIwMDAwMDAwMDAwMH0sInNjaGVtYV92ZXJzaW9uIjoiNiJ9"
        }
      ]
    },
    {
      "mode": "managed",
      "type": "google_compute_instance",
      "name": "vm_instance_node_3",
      "provider": "provider[\"registry.terraform.io/hashicorp/google\"]",
      "instances": [
        {
          "schema_version": 6,
          "attributes": {
            "allow_stopping_for_update": null,
            "attached_disk": [],
            "boot_disk": [
              {
                "auto_delete": true,
                "device_name": "persistent-disk-0",
                "disk_encryption_key_raw": "",
                "disk_encryption_key_sha256": "",
                "initialize_params": [
                  {
                    "image": "https://www.googleapis.com/compute/v1/projects/ubuntu-os-cloud/global/images/ubuntu-1804-bionic-v20201014",
                    "labels": {},
                    "size": 10,
                    "type": "pd-standard"
                  }
                ],
                "kms_key_self_link": "",
                "mode": "READ_WRITE",
                "source": "https://www.googleapis.com/compute/v1/projects/pcc-week7-kubernetes/zones/europe-west4-b/disks/pcc-week7-vm-node-3"
              }
            ],
            "can_ip_forward": false,
            "cpu_platform": "AMD Rome",
            "current_status": "RUNNING",
            "deletion_protection": false,
            "description": "",
            "desired_status": null,
            "enable_display": false,
            "guest_accelerator": [],
            "hostname": "",
            "id": "projects/pcc-week7-kubernetes/zones/europe-west4-b/instances/pcc-week7-vm-node-3",
            "instance_id": "2687650825012180917",
            "label_fingerprint": "42WmSpB8rSM=",
            "labels": null,
            "machine_type": "e2-standard-2",
            "metadata": null,
            "metadata_fingerprint": "w9Kku8FPBBM=",
            "metadata_startup_script": "#! /bin/bash\napt-get update\napt-get upgrade -y\napt-get install docker.io -y\necho 'sudo usermod -aG docker $USER' \u003e\u003e/node3\necho \"sudo systemctl start docker\" \u003e\u003e/node3\necho \"sudo systemctl enable docker\" \u003e\u003e/node3\necho 'curl -s https://packages.cloud.google.com/apt/doc/apt-key.gpg | sudo apt-key add' \u003e\u003e/node3\necho 'sudo apt-add-repository \"deb http://apt.kubernetes.io/ kubernetes-xenial main\"' \u003e\u003e/node3\necho \"sudo apt-get install kubeadm kubelet kubectl -y\" \u003e\u003e/node3\necho \"sudo hostnamectl set-hostname node3\" \u003e\u003e/node3\necho \"sudo swapoff -a\" \u003e\u003e/node3\necho \"10.0.1.2 kubemaster\" \u003e\u003e/etc/hosts\necho \"10.0.1.3 node1\" \u003e\u003e/etc/hosts\necho \"10.0.2.3 node2\" \u003e\u003e/etc/hosts\necho \"10.0.3.3 node3\" \u003e\u003e/etc/hosts\n\n\n# the file is created with Notepad++\n# Choose Edit: End of Line Conversion and choose Linux. \n# otherwise windows Carriage Returns in document and that does not work",
            "min_cpu_platform": "",
            "name": "pcc-week7-vm-node-3",
            "network_interface": [
              {
                "access_config": [
                  {
                    "nat_ip": "34.91.15.75",
                    "network_tier": "PREMIUM",
                    "public_ptr_domain_name": ""
                  }
                ],
                "alias_ip_range": [],
                "name": "nic0",
                "network": "https://www.googleapis.com/compute/v1/projects/pcc-week7-kubernetes/global/networks/pcc-week7-vpc",
                "network_ip": "10.0.3.3",
                "subnetwork": "https://www.googleapis.com/compute/v1/projects/pcc-week7-kubernetes/regions/europe-west4/subnetworks/pcc-week7-subnet-3",
                "subnetwork_project": "pcc-week7-kubernetes"
              }
            ],
            "project": "pcc-week7-kubernetes",
            "resource_policies": null,
            "scheduling": [
              {
                "automatic_restart": true,
                "node_affinities": [],
                "on_host_maintenance": "MIGRATE",
                "preemptible": false
              }
            ],
            "scratch_disk": [],
            "self_link": "https://www.googleapis.com/compute/v1/projects/pcc-week7-kubernetes/zones/europe-west4-b/instances/pcc-week7-vm-node-3",
            "service_account": [],
            "shielded_instance_config": [
              {
                "enable_integrity_monitoring": true,
                "enable_secure_boot": false,
                "enable_vtpm": true
              }
            ],
            "tags": null,
            "tags_fingerprint": "42WmSpB8rSM=",
            "timeouts": null,
            "zone": "europe-west4-b"
          },
          "private": "eyJlMmJmYjczMC1lY2FhLTExZTYtOGY4OC0zNDM2M2JjN2M0YzAiOnsiY3JlYXRlIjoxMjAwMDAwMDAwMDAwLCJkZWxldGUiOjEyMDAwMDAwMDAwMDAsInVwZGF0ZSI6MTIwMDAwMDAwMDAwMH0sInNjaGVtYV92ZXJzaW9uIjoiNiJ9"
        }
      ]
    }
  ]
}
